# THIS IS AN AUTOGENERATED FILE. DO NOT EDIT THIS FILE DIRECTLY.
# yarn lockfile v1


fast-xml-parser@^4.2.4:
  version "4.2.7"
  resolved "https://registry.yarnpkg.com/fast-xml-parser/-/fast-xml-parser-4.2.7.tgz#871f2ca299dc4334b29f8da3658c164e68395167"
  integrity sha512-J8r6BriSLO1uj2miOk1NW0YVm8AGOOu3Si2HQp/cSmo6EA4m3fcwu2WKjJ4RK9wMLBtg69y1kS8baDiQBR41Ig==
  dependencies:
    strnum "^1.0.5"

strnum@^1.0.5:
  version "1.0.5"
  resolved "https://registry.yarnpkg.com/strnum/-/strnum-1.0.5.tgz#5c4e829fe15ad4ff0d20c3db5ac97b73c9b072db"
  integrity sha512-J8bbNyKKXl5qYcR36TIO8W3mVGVHrmmxsd5PAItGkmyzwJvybiw2IVq5nqd0i4LSNSkB/sx9VHllbfFdr9k1JA==
